PODS:
  - Alamofire (3.3.1)
  - ObjectMapper (1.2.0)
  - Realm (0.99.0):
    - Realm/Headers (= 0.99.0)
  - Realm/Headers (0.99.0)
  - RealmSwift (0.99.0):
    - Realm (= 0.99.0)

DEPENDENCIES:
  - Alamofire (~> 3.3)
  - ObjectMapper (~> 1.2)
  - RealmSwift

SPEC CHECKSUMS:
  Alamofire: 369bc67b6f5ac33ded3648d7bd21c5bfb91c2ecc
  ObjectMapper: b1e9c7c8a9f6400b72690c80072c131504caa66f
  Realm: cf275f109b94e5399896960c90285a043edb3d56
  RealmSwift: f40e5634bbc74f063163561d02acc4aa040d40a5

COCOAPODS: 0.39.0
